
Microsoft Visual Studio Solution File, Format Version 12.00
# Visual Studio Version 17
VisualStudioVersion = 17.6.33815.320
MinimumVisualStudioVersion = 10.0.40219.1
Project("{FAE04EC0-301F-11D3-BF4B-00C04F79EFBC}") = "StoryGenApp.Server", "Server\StoryGenApp.Server.csproj", "{5E06C466-4676-4BBF-BB80-ECD382072CD1}"
EndProject
Project("{FAE04EC0-301F-11D3-BF4B-00C04F79EFBC}") = "StoryGenApp.Client", "Client\StoryGenApp.Client.csproj", "{7AAACE35-ACE3-49EA-B24B-CB219EB9F5F3}"
EndProject
Project("{FAE04EC0-301F-11D3-BF4B-00C04F79EFBC}") = "StoryGenApp.Shared", "Shared\StoryGenApp.Shared.csproj", "{AA43A258-E330-4EB2-A501-CEB7CB4F7D02}"
EndProject
Global
	GlobalSection(SolutionConfigurationPlatforms) = preSolution
		Debug|Any CPU = Debug|Any CPU
		Release|Any CPU = Release|Any CPU
	EndGlobalSection
	GlobalSection(ProjectConfigurationPlatforms) = postSolution
		{5E06C466-4676-4BBF-BB80-ECD382072CD1}.Debug|Any CPU.ActiveCfg = Debug|Any CPU
		{5E06C466-4676-4BBF-BB80-ECD382072CD1}.Debug|Any CPU.Build.0 = Debug|Any CPU
		{5E06C466-4676-4BBF-BB80-ECD382072CD1}.Release|Any CPU.ActiveCfg = Release|Any CPU
		{5E06C466-4676-4BBF-BB80-ECD382072CD1}.Release|Any CPU.Build.0 = Release|Any CPU
		{7AAACE35-ACE3-49EA-B24B-CB219EB9F5F3}.Debug|Any CPU.ActiveCfg = Debug|Any CPU
		{7AAACE35-ACE3-49EA-B24B-CB219EB9F5F3}.Debug|Any CPU.Build.0 = Debug|Any CPU
		{7AAACE35-ACE3-49EA-B24B-CB219EB9F5F3}.Release|Any CPU.ActiveCfg = Release|Any CPU
		{7AAACE35-ACE3-49EA-B24B-CB219EB9F5F3}.Release|Any CPU.Build.0 = Release|Any CPU
		{AA43A258-E330-4EB2-A501-CEB7CB4F7D02}.Debug|Any CPU.ActiveCfg = Debug|Any CPU
		{AA43A258-E330-4EB2-A501-CEB7CB4F7D02}.Debug|Any CPU.Build.0 = Debug|Any CPU
		{AA43A258-E330-4EB2-A501-CEB7CB4F7D02}.Release|Any CPU.ActiveCfg = Release|Any CPU
		{AA43A258-E330-4EB2-A501-CEB7CB4F7D02}.Release|Any CPU.Build.0 = Release|Any CPU
	EndGlobalSection
	GlobalSection(SolutionProperties) = preSolution
		HideSolutionNode = FALSE
	EndGlobalSection
	GlobalSection(ExtensibilityGlobals) = postSolution
		SolutionGuid = {A6C4A87C-55D3-4C71-9A50-3753B805A05D}
	EndGlobalSection
EndGlobal
